{
    "_meta": {
        "hash": {
            "sha256": "957182e63aa7474178f06a12e06d747648279979cd645a32f1956c93e276296e"
        },
        "pipfile-spec": 6,
        "requires": {
            "python_version": "3.7"
        },
        "sources": [
            {
                "name": "pypi",
                "url": "https://pypi.org/simple",
                "verify_ssl": true
            }
        ]
    },
    "default": {
        "numpy": {
            "hashes": [
                "sha256:0e2eed77804b2a6a88741f8fcac02c5499bba3953ec9c71e8b217fad4912c56c",
                "sha256:1c666f04553ef70fda54adf097dbae7080645435fc273e2397f26bbf1d127bbb",
                "sha256:1f46532afa7b2903bfb1b79becca2954c0a04389d19e03dc73f06b039048ac40",
                "sha256:315fa1b1dfc16ae0f03f8fd1c55f23fd15368710f641d570236f3d78af55e340",
                "sha256:3d5fcea4f5ed40c3280791d54da3ad2ecf896f4c87c877b113576b8280c59441",
                "sha256:48241759b99d60aba63b0e590332c600fc4b46ad597c9b0a53f350b871ef0634",
                "sha256:4b4f2924b36d857cf302aec369caac61e43500c17eeef0d7baacad1084c0ee84",
                "sha256:54fe3b7ed9e7eb928bbc4318f954d133851865f062fa4bbb02ef8940bc67b5d2",
                "sha256:5a8f021c70e6206c317974c93eaaf9bc2b56295b6b1cacccf88846e44a1f33fc",
                "sha256:754a6be26d938e6ca91942804eb209307b73f806a1721176278a6038869a1686",
                "sha256:771147e654e8b95eea1293174a94f34e2e77d5729ad44aefb62fbf8a79747a15",
                "sha256:78a6f89da87eeb48014ec652a65c4ffde370c036d780a995edaeb121d3625621",
                "sha256:7fde5c2a3a682a9e101e61d97696687ebdba47637611378b4127fe7e47fdf2bf",
                "sha256:80d99399c97f646e873dd8ce87c38cfdbb668956bbc39bc1e6cac4b515bba2a0",
                "sha256:88a72c1e45a0ae24d1f249a529d9f71fe82e6fa6a3fd61414b829396ec585900",
                "sha256:a4f4460877a16ac73302a9c077ca545498d9fe64e6a81398d8e1a67e4695e3df",
                "sha256:a61255a765b3ac73ee4b110b28fccfbf758c985677f526c2b4b39c48cc4b509d",
                "sha256:ab4896a8c910b9a04c0142871d8800c76c8a2e5ff44763513e1dd9d9631ce897",
                "sha256:abbd6b1c2ef6199f4b7ca9f818eb6b31f17b73a6110aadc4e4298c3f00fab24e",
                "sha256:b16d88da290334e33ea992c56492326ea3b06233a00a1855414360b77ca72f26",
                "sha256:b78a1defedb0e8f6ae1eb55fa6ac74ab42acc4569c3a2eacc2a407ee5d42ebcb",
                "sha256:cfef82c43b8b29ca436560d51b2251d5117818a8d1fb74a8384a83c096745dad",
                "sha256:d160e57731fcdec2beda807ebcabf39823c47e9409485b5a3a1db3a8c6ce763e"
            ],
            "index": "pypi",
            "version": "==1.16.3"
        },
        "pygame": {
            "hashes": [
                "sha256:0043bee7ebe5f1afc188db1c34fae57559ce6555939195b6a42fbdc1950c1b3c",
                "sha256:0d5893bab526ce73d8bda22e0c43f24c2cfddeae489d0eca576199975ecb2246",
                "sha256:28dda1b4038cbb710ee8ffa4df8234f8579b6b965a1f8a2434e8dea4914b139c",
                "sha256:3baa3aa5d90eda8d54f56caff1a1c80258ebfa328241b5da92ba3fc993a86bdd",
                "sha256:42c9bf49926826fac26827b87d278408998eb4638bdd5d64c14fdeb28ee3ebcc",
                "sha256:4b3c01b2974de23873da78daad28d1a5d57c149b5009ae3631e220b9999b9b35",
                "sha256:4b4f687d5772b0373fd976a0f013059cba3819f699837b82540d51315b9b6d46",
                "sha256:6a50a4296a6969d80173ec7d414cd09718cdc3f7a69bd41514369b3a3a742c0f",
                "sha256:7c8c8e2b837f95a4b284d9baae695b05f9f24e1ab9ebc1ea0a3088c1c6dcf30c",
                "sha256:8f64c2668cc14d376ea095819136e6b825e3b7080370fe0abf2a77e8a99e6d56",
                "sha256:9ba33f4fedb4c6d9cdd2d32b6dfc5e58edebb692371205af6054dc5f6ca5abdd",
                "sha256:a119b1bd7cb37d804aa7293cb835e14e2649ecd58768fd2dcbfd2da294d7d60b",
                "sha256:a43609c9637ab66c10bef66d76435211d44a0d03f6519121f79c7ab1734a4d03",
                "sha256:b16231466cddc9c55b9d6e006f1c6b5be2ef2dbe5b6516531513d5f427f88dd1",
                "sha256:b2161c86003d264f94249c064395d984cb3eb86974be8b3ebebcdd56ee633352",
                "sha256:b62afb88435d2aa80a47b372f99ad74750c81d924abf3bf44a900991ce02bf0a",
                "sha256:cd7fcdc4a8ec7110866580e84945d550c7652c105838a155fac3252a02580480",
                "sha256:d01c43550ef837a68bb3141e72d89ebaf9bcdc005158f265c348b5dbce81d308",
                "sha256:d15e7238015095a12c19379565a66285e989fdcb3807ec360b27338cd8bdaf05",
                "sha256:d560fd5efd6b887a2f7eb30f61e383a7edbe8a1afe5d5fb7b857315372de359f",
                "sha256:ef17614d4411a4eadea941245ae3112dbd134c97b0d29bfc86948961818057ec",
                "sha256:f0eee24dcb8d58d95eb47d946d18354f9720e4dfb0c4b1c59fffcec3ddaf0ebe",
                "sha256:f7bfaf75e35f6d1093cf05f161667fae0d158cd3cc13c9e8c97d0c4b2a12e397",
                "sha256:fc8bda436482458412d01e595e7a88dd777416d422ff1e45b9a6d96287806255"
            ],
            "index": "pypi",
            "version": "==1.9.5"
        }
    },
    "develop": {}
}
